{
  "name": "webpractice",
  "version": "1.0.0",
  "lockfileVersion": 1,
  "requires": true,
  "dependencies": {
    "axios": {
      "version": "0.21.4",
      "resolved": "https://registry.npmjs.org/axios/-/axios-0.21.4.tgz",
      "integrity": "sha512-ut5vewkiu8jjGBdqpM44XxjuCjq9LAKeHVmoVfHVzy8eHgxxq8SbAVQNovDA8mVi05kP0Ea/n/UzcSHcTJQfNg==",
      "requires": {
        "follow-redirects": "^1.14.0"
      }
    },
    "follow-redirects": {
      "version": "1.14.5",
      "resolved": "https://registry.npmjs.org/follow-redirects/-/follow-redirects-1.14.5.tgz",
      "integrity": "sha512-wtphSXy7d4/OR+MvIFbCVBDzZ5520qV8XfPklSN5QtxuMUJZ+b0Wnst1e1lCDocfzuCkHqj8k0FpZqO+UIaKNA=="
    },
    "songle-api": {
      "version": "1.2.2",
      "resolved": "https://registry.npmjs.org/songle-api/-/songle-api-1.2.2.tgz",
      "integrity": "sha512-7ksQ/+XLGyhE0XsIahQzBjdi11x11sCx4PjZgwKF+So/3ISWWJJYXHNLt5QngghwDUDD11l9Vr5wazP7p0oPEQ==",
      "optional": true,
      "requires": {
        "w3c-xmlhttprequest": "^2.1.2"
      }
    },
    "textalive-app-api": {
      "version": "0.3.1",
      "resolved": "https://registry.npmjs.org/textalive-app-api/-/textalive-app-api-0.3.1.tgz",
      "integrity": "sha512-JSxgeMt2XAOG5/RCvinDRiFiSLApq8DHAEj8MC1Bz29ALFhVLisfFsnHXPLw314etk22vYflMN5nxFtu8nCL3Q==",
      "requires": {
        "axios": "^0.21.1",
        "songle-api": "^1.2.2",
        "webfontloader": "^1.6.28"
      }
    },
    "w3c-xmlhttprequest": {
      "version": "2.2.0",
      "resolved": "https://registry.npmjs.org/w3c-xmlhttprequest/-/w3c-xmlhttprequest-2.2.0.tgz",
      "integrity": "sha512-qvy1XB53jM13+dRZrr277u4BgW7j5k87L7E98hbSXOG8eolXgqMT2glZ91NHLVmqO6Hb8gw4z28LahHVbhsr2Q==",
      "optional": true
    },
    "webfontloader": {
      "version": "1.6.28",
      "resolved": "https://registry.npmjs.org/webfontloader/-/webfontloader-1.6.28.tgz",
      "integrity": "sha1-23hhKSU8tujq5UwvsF+HCvZnW64="
    }
  }
}
